
Microsoft Visual Studio Solution File, Format Version 12.00
# Visual Studio 2013
VisualStudioVersion = 12.0.20617.1 PREVIEW
MinimumVisualStudioVersion = 10.0.40219.1
Project("{8BC9CEB8-8B4A-11D0-8D11-00A0C91BC942}") = "CryptoChallenge", "CryptoChallenge\CryptoChallenge.vcxproj", "{DE47E90B-F14D-4591-8AA8-D6E78A3E011C}"
EndProject
Project("{8BC9CEB8-8B4A-11D0-8D11-00A0C91BC942}") = "CryptoChallengeLib", "CryptoChallengeLib\CryptoChallengeLib.vcxproj", "{B06E8C1F-B3C3-4367-B35E-DDC2F415F2BF}"
EndProject
Project("{8BC9CEB8-8B4A-11D0-8D11-00A0C91BC942}") = "CryptoChallengeTest", "CryptoChallengeTest\CryptoChallengeTest.vcxproj", "{B58804F8-F450-4316-82B4-FCF9AB481D34}"
EndProject
Global
	GlobalSection(SolutionConfigurationPlatforms) = preSolution
		Debug|Win32 = Debug|Win32
		Release|Win32 = Release|Win32
	EndGlobalSection
	GlobalSection(ProjectConfigurationPlatforms) = postSolution
		{DE47E90B-F14D-4591-8AA8-D6E78A3E011C}.Debug|Win32.ActiveCfg = Debug|Win32
		{DE47E90B-F14D-4591-8AA8-D6E78A3E011C}.Debug|Win32.Build.0 = Debug|Win32
		{DE47E90B-F14D-4591-8AA8-D6E78A3E011C}.Release|Win32.ActiveCfg = Release|Win32
		{DE47E90B-F14D-4591-8AA8-D6E78A3E011C}.Release|Win32.Build.0 = Release|Win32
		{B06E8C1F-B3C3-4367-B35E-DDC2F415F2BF}.Debug|Win32.ActiveCfg = Debug|Win32
		{B06E8C1F-B3C3-4367-B35E-DDC2F415F2BF}.Debug|Win32.Build.0 = Debug|Win32
		{B06E8C1F-B3C3-4367-B35E-DDC2F415F2BF}.Release|Win32.ActiveCfg = Release|Win32
		{B06E8C1F-B3C3-4367-B35E-DDC2F415F2BF}.Release|Win32.Build.0 = Release|Win32
		{B58804F8-F450-4316-82B4-FCF9AB481D34}.Debug|Win32.ActiveCfg = Debug|Win32
		{B58804F8-F450-4316-82B4-FCF9AB481D34}.Debug|Win32.Build.0 = Debug|Win32
		{B58804F8-F450-4316-82B4-FCF9AB481D34}.Release|Win32.ActiveCfg = Release|Win32
		{B58804F8-F450-4316-82B4-FCF9AB481D34}.Release|Win32.Build.0 = Release|Win32
	EndGlobalSection
	GlobalSection(SolutionProperties) = preSolution
		HideSolutionNode = FALSE
	EndGlobalSection
EndGlobal
